// !$*UTF8*$!
{
	archiveVersion = 1;
	classes = {
	};
	objectVersion = 56;
	objects = {

/* Begin PBXBuildFile section */
		ABE1DB47296C9ECA006B6351 /* WeatherApp.swift in Sources */ = {isa = PBXBuildFile; fileRef = ABE1DB46296C9ECA006B6351 /* WeatherApp.swift */; };
		ABE1DB4B296C9ECB006B6351 /* Assets.xcassets in Resources */ = {isa = PBXBuildFile; fileRef = ABE1DB4A296C9ECB006B6351 /* Assets.xcassets */; };
		ABE1DB4E296C9ECB006B6351 /* Preview Assets.xcassets in Resources */ = {isa = PBXBuildFile; fileRef = ABE1DB4D296C9ECB006B6351 /* Preview Assets.xcassets */; };
		ABE1DB62296C9ECB006B6351 /* WeatherUITests.swift in Sources */ = {isa = PBXBuildFile; fileRef = ABE1DB61296C9ECB006B6351 /* WeatherUITests.swift */; };
		ABE1DB72296CA008006B6351 /* WeatherAPI.swift in Sources */ = {isa = PBXBuildFile; fileRef = ABE1DB71296CA008006B6351 /* WeatherAPI.swift */; };
		ABE1DB74296CA035006B6351 /* RealWeatherAPI.swift in Sources */ = {isa = PBXBuildFile; fileRef = ABE1DB73296CA035006B6351 /* RealWeatherAPI.swift */; };
		ABE1DB77296CA05C006B6351 /* Weather.swift in Sources */ = {isa = PBXBuildFile; fileRef = ABE1DB76296CA05C006B6351 /* Weather.swift */; };
		ABE1DB7A296CA223006B6351 /* WeatherTests.swift in Sources */ = {isa = PBXBuildFile; fileRef = ABE1DB79296CA223006B6351 /* WeatherTests.swift */; };
		ABE1DB7C296CA3FF006B6351 /* WeatherState.swift in Sources */ = {isa = PBXBuildFile; fileRef = ABE1DB7B296CA3FF006B6351 /* WeatherState.swift */; };
		ABE1DB81296CA80E006B6351 /* WeatherView.swift in Sources */ = {isa = PBXBuildFile; fileRef = ABE1DB80296CA80E006B6351 /* WeatherView.swift */; };
		ABE1DB83296CA847006B6351 /* WeatherViewModel.swift in Sources */ = {isa = PBXBuildFile; fileRef = ABE1DB82296CA847006B6351 /* WeatherViewModel.swift */; };
/* End PBXBuildFile section */

/* Begin PBXContainerItemProxy section */
		ABE1DB54296C9ECB006B6351 /* PBXContainerItemProxy */ = {
			isa = PBXContainerItemProxy;
			containerPortal = ABE1DB3B296C9ECA006B6351 /* Project object */;
			proxyType = 1;
			remoteGlobalIDString = ABE1DB42296C9ECA006B6351;
			remoteInfo = Weather;
		};
		ABE1DB5E296C9ECB006B6351 /* PBXContainerItemProxy */ = {
			isa = PBXContainerItemProxy;
			containerPortal = ABE1DB3B296C9ECA006B6351 /* Project object */;
			proxyType = 1;
			remoteGlobalIDString = ABE1DB42296C9ECA006B6351;
			remoteInfo = Weather;
		};
/* End PBXContainerItemProxy section */

/* Begin PBXFileReference section */
		ABE1DB43296C9ECA006B6351 /* Weather.app */ = {isa = PBXFileReference; explicitFileType = wrapper.application; includeInIndex = 0; path = Weather.app; sourceTree = BUILT_PRODUCTS_DIR; };
		ABE1DB46296C9ECA006B6351 /* WeatherApp.swift */ = {isa = PBXFileReference; lastKnownFileType = sourcecode.swift; path = WeatherApp.swift; sourceTree = "<group>"; };
		ABE1DB4A296C9ECB006B6351 /* Assets.xcassets */ = {isa = PBXFileReference; lastKnownFileType = folder.assetcatalog; path = Assets.xcassets; sourceTree = "<group>"; };
		ABE1DB4D296C9ECB006B6351 /* Preview Assets.xcassets */ = {isa = PBXFileReference; lastKnownFileType = folder.assetcatalog; path = "Preview Assets.xcassets"; sourceTree = "<group>"; };
		ABE1DB53296C9ECB006B6351 /* WeatherTests.xctest */ = {isa = PBXFileReference; explicitFileType = wrapper.cfbundle; includeInIndex = 0; path = WeatherTests.xctest; sourceTree = BUILT_PRODUCTS_DIR; };
		ABE1DB5D296C9ECB006B6351 /* WeatherUITests.xctest */ = {isa = PBXFileReference; explicitFileType = wrapper.cfbundle; includeInIndex = 0; path = WeatherUITests.xctest; sourceTree = BUILT_PRODUCTS_DIR; };
		ABE1DB61296C9ECB006B6351 /* WeatherUITests.swift */ = {isa = PBXFileReference; lastKnownFileType = sourcecode.swift; path = WeatherUITests.swift; sourceTree = "<group>"; };
		ABE1DB71296CA008006B6351 /* WeatherAPI.swift */ = {isa = PBXFileReference; lastKnownFileType = sourcecode.swift; path = WeatherAPI.swift; sourceTree = "<group>"; };
		ABE1DB73296CA035006B6351 /* RealWeatherAPI.swift */ = {isa = PBXFileReference; lastKnownFileType = sourcecode.swift; path = RealWeatherAPI.swift; sourceTree = "<group>"; };
		ABE1DB76296CA05C006B6351 /* Weather.swift */ = {isa = PBXFileReference; lastKnownFileType = sourcecode.swift; path = Weather.swift; sourceTree = "<group>"; };
		ABE1DB79296CA223006B6351 /* WeatherTests.swift */ = {isa = PBXFileReference; lastKnownFileType = sourcecode.swift; path = WeatherTests.swift; sourceTree = "<group>"; };
		ABE1DB7B296CA3FF006B6351 /* WeatherState.swift */ = {isa = PBXFileReference; lastKnownFileType = sourcecode.swift; path = WeatherState.swift; sourceTree = "<group>"; };
		ABE1DB80296CA80E006B6351 /* WeatherView.swift */ = {isa = PBXFileReference; lastKnownFileType = sourcecode.swift; path = WeatherView.swift; sourceTree = "<group>"; };
		ABE1DB82296CA847006B6351 /* WeatherViewModel.swift */ = {isa = PBXFileReference; lastKnownFileType = sourcecode.swift; path = WeatherViewModel.swift; sourceTree = "<group>"; };
/* End PBXFileReference section */

/* Begin PBXFrameworksBuildPhase section */
		ABE1DB40296C9ECA006B6351 /* Frameworks */ = {
			isa = PBXFrameworksBuildPhase;
			buildActionMask = 2147483647;
			files = (
			);
			runOnlyForDeploymentPostprocessing = 0;
		};
		ABE1DB50296C9ECB006B6351 /* Frameworks */ = {
			isa = PBXFrameworksBuildPhase;
			buildActionMask = 2147483647;
			files = (
			);
			runOnlyForDeploymentPostprocessing = 0;
		};
		ABE1DB5A296C9ECB006B6351 /* Frameworks */ = {
			isa = PBXFrameworksBuildPhase;
			buildActionMask = 2147483647;
			files = (
			);
			runOnlyForDeploymentPostprocessing = 0;
		};
/* End PBXFrameworksBuildPhase section */

/* Begin PBXGroup section */
		ABE1DB3A296C9ECA006B6351 = {
			isa = PBXGroup;
			children = (
				ABE1DB44296C9ECA006B6351 /* Products */,
				ABE1DB45296C9ECA006B6351 /* Weather */,
				ABE1DB56296C9ECB006B6351 /* WeatherTests */,
				ABE1DB60296C9ECB006B6351 /* WeatherUITests */,
			);
			sourceTree = "<group>";
		};
		ABE1DB44296C9ECA006B6351 /* Products */ = {
			isa = PBXGroup;
			children = (
				ABE1DB43296C9ECA006B6351 /* Weather.app */,
				ABE1DB53296C9ECB006B6351 /* WeatherTests.xctest */,
				ABE1DB5D296C9ECB006B6351 /* WeatherUITests.xctest */,
			);
			name = Products;
			sourceTree = "<group>";
		};
		ABE1DB45296C9ECA006B6351 /* Weather */ = {
			isa = PBXGroup;
			children = (
				ABE1DB7E296CA7FD006B6351 /* Features */,
				ABE1DB75296CA055006B6351 /* Model */,
				ABE1DB70296C9FFF006B6351 /* API */,
				ABE1DB46296C9ECA006B6351 /* WeatherApp.swift */,
				ABE1DB4A296C9ECB006B6351 /* Assets.xcassets */,
				ABE1DB4C296C9ECB006B6351 /* Preview Content */,
			);
			path = Weather;
			sourceTree = "<group>";
		};
		ABE1DB4C296C9ECB006B6351 /* Preview Content */ = {
			isa = PBXGroup;
			children = (
				ABE1DB4D296C9ECB006B6351 /* Preview Assets.xcassets */,
			);
			path = "Preview Content";
			sourceTree = "<group>";
		};
		ABE1DB56296C9ECB006B6351 /* WeatherTests */ = {
			isa = PBXGroup;
			children = (
				ABE1DB78296CA21A006B6351 /* Model */,
			);
			path = WeatherTests;
			sourceTree = "<group>";
		};
		ABE1DB60296C9ECB006B6351 /* WeatherUITests */ = {
			isa = PBXGroup;
			children = (
				ABE1DB61296C9ECB006B6351 /* WeatherUITests.swift */,
			);
			path = WeatherUITests;
			sourceTree = "<group>";
		};
		ABE1DB70296C9FFF006B6351 /* API */ = {
			isa = PBXGroup;
			children = (
				ABE1DB73296CA035006B6351 /* RealWeatherAPI.swift */,
				ABE1DB71296CA008006B6351 /* WeatherAPI.swift */,
			);
			path = API;
			sourceTree = "<group>";
		};
		ABE1DB75296CA055006B6351 /* Model */ = {
			isa = PBXGroup;
			children = (
				ABE1DB76296CA05C006B6351 /* Weather.swift */,
				ABE1DB7B296CA3FF006B6351 /* WeatherState.swift */,
			);
			path = Model;
			sourceTree = "<group>";
		};
		ABE1DB78296CA21A006B6351 /* Model */ = {
			isa = PBXGroup;
			children = (
				ABE1DB79296CA223006B6351 /* WeatherTests.swift */,
			);
			path = Model;
			sourceTree = "<group>";
		};
		ABE1DB7E296CA7FD006B6351 /* Features */ = {
			isa = PBXGroup;
			children = (
				ABE1DB7F296CA806006B6351 /* Weather */,
			);
			path = Features;
			sourceTree = "<group>";
		};
		ABE1DB7F296CA806006B6351 /* Weather */ = {
			isa = PBXGroup;
			children = (
				ABE1DB80296CA80E006B6351 /* WeatherView.swift */,
				ABE1DB82296CA847006B6351 /* WeatherViewModel.swift */,
			);
			path = Weather;
			sourceTree = "<group>";
		};
/* End PBXGroup section */

/* Begin PBXNativeTarget section */
		ABE1DB42296C9ECA006B6351 /* Weather */ = {
			isa = PBXNativeTarget;
			buildConfigurationList = ABE1DB67296C9ECB006B6351 /* Build configuration list for PBXNativeTarget "Weather" */;
			buildPhases = (
				ABE1DB3F296C9ECA006B6351 /* Sources */,
				ABE1DB40296C9ECA006B6351 /* Frameworks */,
				ABE1DB41296C9ECA006B6351 /* Resources */,
			);
			buildRules = (
			);
			dependencies = (
			);
			name = Weather;
			productName = Weather;
			productReference = ABE1DB43296C9ECA006B6351 /* Weather.app */;
			productType = "com.apple.product-type.application";
		};
		ABE1DB52296C9ECB006B6351 /* WeatherTests */ = {
			isa = PBXNativeTarget;
			buildConfigurationList = ABE1DB6A296C9ECB006B6351 /* Build configuration list for PBXNativeTarget "WeatherTests" */;
			buildPhases = (
				ABE1DB4F296C9ECB006B6351 /* Sources */,
				ABE1DB50296C9ECB006B6351 /* Frameworks */,
				ABE1DB51296C9ECB006B6351 /* Resources */,
			);
			buildRules = (
			);
			dependencies = (
				ABE1DB55296C9ECB006B6351 /* PBXTargetDependency */,
			);
			name = WeatherTests;
			productName = WeatherTests;
			productReference = ABE1DB53296C9ECB006B6351 /* WeatherTests.xctest */;
			productType = "com.apple.product-type.bundle.unit-test";
		};
		ABE1DB5C296C9ECB006B6351 /* WeatherUITests */ = {
			isa = PBXNativeTarget;
			buildConfigurationList = ABE1DB6D296C9ECB006B6351 /* Build configuration list for PBXNativeTarget "WeatherUITests" */;
			buildPhases = (
				ABE1DB59296C9ECB006B6351 /* Sources */,
				ABE1DB5A296C9ECB006B6351 /* Frameworks */,
				ABE1DB5B296C9ECB006B6351 /* Resources */,
			);
			buildRules = (
			);
			dependencies = (
				ABE1DB5F296C9ECB006B6351 /* PBXTargetDependency */,
			);
			name = WeatherUITests;
			productName = WeatherUITests;
			productReference = ABE1DB5D296C9ECB006B6351 /* WeatherUITests.xctest */;
			productType = "com.apple.product-type.bundle.ui-testing";
		};
/* End PBXNativeTarget section */

/* Begin PBXProject section */
		ABE1DB3B296C9ECA006B6351 /* Project object */ = {
			isa = PBXProject;
			attributes = {
				BuildIndependentTargetsInParallel = 1;
				LastSwiftUpdateCheck = 1420;
				LastUpgradeCheck = 1420;
				TargetAttributes = {
					ABE1DB42296C9ECA006B6351 = {
						CreatedOnToolsVersion = 14.2;
					};
					ABE1DB52296C9ECB006B6351 = {
						CreatedOnToolsVersion = 14.2;
						TestTargetID = ABE1DB42296C9ECA006B6351;
					};
					ABE1DB5C296C9ECB006B6351 = {
						CreatedOnToolsVersion = 14.2;
						TestTargetID = ABE1DB42296C9ECA006B6351;
					};
				};
			};
			buildConfigurationList = ABE1DB3E296C9ECA006B6351 /* Build configuration list for PBXProject "Weather" */;
			compatibilityVersion = "Xcode 14.0";
			developmentRegion = en;
			hasScannedForEncodings = 0;
			knownRegions = (
				en,
				Base,
			);
			mainGroup = ABE1DB3A296C9ECA006B6351;
			productRefGroup = ABE1DB44296C9ECA006B6351 /* Products */;
			projectDirPath = "";
			projectRoot = "";
			targets = (
				ABE1DB42296C9ECA006B6351 /* Weather */,
				ABE1DB52296C9ECB006B6351 /* WeatherTests */,
				ABE1DB5C296C9ECB006B6351 /* WeatherUITests */,
			);
		};
/* End PBXProject section */

/* Begin PBXResourcesBuildPhase section */
		ABE1DB41296C9ECA006B6351 /* Resources */ = {
			isa = PBXResourcesBuildPhase;
			buildActionMask = 2147483647;
			files = (
				ABE1DB4E296C9ECB006B6351 /* Preview Assets.xcassets in Resources */,
				ABE1DB4B296C9ECB006B6351 /* Assets.xcassets in Resources */,
			);
			runOnlyForDeploymentPostprocessing = 0;
		};
		ABE1DB51296C9ECB006B6351 /* Resources */ = {
			isa = PBXResourcesBuildPhase;
			buildActionMask = 2147483647;
			files = (
			);
			runOnlyForDeploymentPostprocessing = 0;
		};
		ABE1DB5B296C9ECB006B6351 /* Resources */ = {
			isa = PBXResourcesBuildPhase;
			buildActionMask = 2147483647;
			files = (
			);
			runOnlyForDeploymentPostprocessing = 0;
		};
/* End PBXResourcesBuildPhase section */

/* Begin PBXSourcesBuildPhase section */
		ABE1DB3F296C9ECA006B6351 /* Sources */ = {
			isa = PBXSourcesBuildPhase;
			buildActionMask = 2147483647;
			files = (
				ABE1DB72296CA008006B6351 /* WeatherAPI.swift in Sources */,
				ABE1DB74296CA035006B6351 /* RealWeatherAPI.swift in Sources */,
				ABE1DB47296C9ECA006B6351 /* WeatherApp.swift in Sources */,
				ABE1DB83296CA847006B6351 /* WeatherViewModel.swift in Sources */,
				ABE1DB7C296CA3FF006B6351 /* WeatherState.swift in Sources */,
				ABE1DB81296CA80E006B6351 /* WeatherView.swift in Sources */,
				ABE1DB77296CA05C006B6351 /* Weather.swift in Sources */,
			);
			runOnlyForDeploymentPostprocessing = 0;
		};
		ABE1DB4F296C9ECB006B6351 /* Sources */ = {
			isa = PBXSourcesBuildPhase;
			buildActionMask = 2147483647;
			files = (
				ABE1DB7A296CA223006B6351 /* WeatherTests.swift in Sources */,
			);
			runOnlyForDeploymentPostprocessing = 0;
		};
		ABE1DB59296C9ECB006B6351 /* Sources */ = {
			isa = PBXSourcesBuildPhase;
			buildActionMask = 2147483647;
			files = (
				ABE1DB62296C9ECB006B6351 /* WeatherUITests.swift in Sources */,
			);
			runOnlyForDeploymentPostprocessing = 0;
		};
/* End PBXSourcesBuildPhase section */

/* Begin PBXTargetDependency section */
		ABE1DB55296C9ECB006B6351 /* PBXTargetDependency */ = {
			isa = PBXTargetDependency;
			target = ABE1DB42296C9ECA006B6351 /* Weather */;
			targetProxy = ABE1DB54296C9ECB006B6351 /* PBXContainerItemProxy */;
		};
		ABE1DB5F296C9ECB006B6351 /* PBXTargetDependency */ = {
			isa = PBXTargetDependency;
			target = ABE1DB42296C9ECA006B6351 /* Weather */;
			targetProxy = ABE1DB5E296C9ECB006B6351 /* PBXContainerItemProxy */;
		};
/* End PBXTargetDependency section */

/* Begin XCBuildConfiguration section */
		ABE1DB65296C9ECB006B6351 /* Debug */ = {
			isa = XCBuildConfiguration;
			buildSettings = {
				ALWAYS_SEARCH_USER_PATHS = NO;
				CLANG_ANALYZER_NONNULL = YES;
				CLANG_ANALYZER_NUMBER_OBJECT_CONVERSION = YES_AGGRESSIVE;
				CLANG_CXX_LANGUAGE_STANDARD = "gnu++20";
				CLANG_ENABLE_MODULES = YES;
				CLANG_ENABLE_OBJC_ARC = YES;
				CLANG_ENABLE_OBJC_WEAK = YES;
				CLANG_WARN_BLOCK_CAPTURE_AUTORELEASING = YES;
				CLANG_WARN_BOOL_CONVERSION = YES;
				CLANG_WARN_COMMA = YES;
				CLANG_WARN_CONSTANT_CONVERSION = YES;
				CLANG_WARN_DEPRECATED_OBJC_IMPLEMENTATIONS = YES;
				CLANG_WARN_DIRECT_OBJC_ISA_USAGE = YES_ERROR;
				CLANG_WARN_DOCUMENTATION_COMMENTS = YES;
				CLANG_WARN_EMPTY_BODY = YES;
				CLANG_WARN_ENUM_CONVERSION = YES;
				CLANG_WARN_INFINITE_RECURSION = YES;
				CLANG_WARN_INT_CONVERSION = YES;
				CLANG_WARN_NON_LITERAL_NULL_CONVERSION = YES;
				CLANG_WARN_OBJC_IMPLICIT_RETAIN_SELF = YES;
				CLANG_WARN_OBJC_LITERAL_CONVERSION = YES;
				CLANG_WARN_OBJC_ROOT_CLASS = YES_ERROR;
				CLANG_WARN_QUOTED_INCLUDE_IN_FRAMEWORK_HEADER = YES;
				CLANG_WARN_RANGE_LOOP_ANALYSIS = YES;
				CLANG_WARN_STRICT_PROTOTYPES = YES;
				CLANG_WARN_SUSPICIOUS_MOVE = YES;
				CLANG_WARN_UNGUARDED_AVAILABILITY = YES_AGGRESSIVE;
				CLANG_WARN_UNREACHABLE_CODE = YES;
				CLANG_WARN__DUPLICATE_METHOD_MATCH = YES;
				COPY_PHASE_STRIP = NO;
				DEBUG_INFORMATION_FORMAT = dwarf;
				ENABLE_STRICT_OBJC_MSGSEND = YES;
				ENABLE_TESTABILITY = YES;
				GCC_C_LANGUAGE_STANDARD = gnu11;
				GCC_DYNAMIC_NO_PIC = NO;
				GCC_NO_COMMON_BLOCKS = YES;
				GCC_OPTIMIZATION_LEVEL = 0;
				GCC_PREPROCESSOR_DEFINITIONS = (
					"DEBUG=1",
					"$(inherited)",
				);
				GCC_WARN_64_TO_32_BIT_CONVERSION = YES;
				GCC_WARN_ABOUT_RETURN_TYPE = YES_ERROR;
				GCC_WARN_UNDECLARED_SELECTOR = YES;
				GCC_WARN_UNINITIALIZED_AUTOS = YES_AGGRESSIVE;
				GCC_WARN_UNUSED_FUNCTION = YES;
				GCC_WARN_UNUSED_VARIABLE = YES;
				IPHONEOS_DEPLOYMENT_TARGET = 16.2;
				MTL_ENABLE_DEBUG_INFO = INCLUDE_SOURCE;
				MTL_FAST_MATH = YES;
				ONLY_ACTIVE_ARCH = YES;
				SDKROOT = iphoneos;
				SWIFT_ACTIVE_COMPILATION_CONDITIONS = DEBUG;
				SWIFT_OPTIMIZATION_LEVEL = "-Onone";
			};
			name = Debug;
		};
		ABE1DB66296C9ECB006B6351 /* Release */ = {
			isa = XCBuildConfiguration;
			buildSettings = {
				ALWAYS_SEARCH_USER_PATHS = NO;
				CLANG_ANALYZER_NONNULL = YES;
				CLANG_ANALYZER_NUMBER_OBJECT_CONVERSION = YES_AGGRESSIVE;
				CLANG_CXX_LANGUAGE_STANDARD = "gnu++20";
				CLANG_ENABLE_MODULES = YES;
				CLANG_ENABLE_OBJC_ARC = YES;
				CLANG_ENABLE_OBJC_WEAK = YES;
				CLANG_WARN_BLOCK_CAPTURE_AUTORELEASING = YES;
				CLANG_WARN_BOOL_CONVERSION = YES;
				CLANG_WARN_COMMA = YES;
				CLANG_WARN_CONSTANT_CONVERSION = YES;
				CLANG_WARN_DEPRECATED_OBJC_IMPLEMENTATIONS = YES;
				CLANG_WARN_DIRECT_OBJC_ISA_USAGE = YES_ERROR;
				CLANG_WARN_DOCUMENTATION_COMMENTS = YES;
				CLANG_WARN_EMPTY_BODY = YES;
				CLANG_WARN_ENUM_CONVERSION = YES;
				CLANG_WARN_INFINITE_RECURSION = YES;
				CLANG_WARN_INT_CONVERSION = YES;
				CLANG_WARN_NON_LITERAL_NULL_CONVERSION = YES;
				CLANG_WARN_OBJC_IMPLICIT_RETAIN_SELF = YES;
				CLANG_WARN_OBJC_LITERAL_CONVERSION = YES;
				CLANG_WARN_OBJC_ROOT_CLASS = YES_ERROR;
				CLANG_WARN_QUOTED_INCLUDE_IN_FRAMEWORK_HEADER = YES;
				CLANG_WARN_RANGE_LOOP_ANALYSIS = YES;
				CLANG_WARN_STRICT_PROTOTYPES = YES;
				CLANG_WARN_SUSPICIOUS_MOVE = YES;
				CLANG_WARN_UNGUARDED_AVAILABILITY = YES_AGGRESSIVE;
				CLANG_WARN_UNREACHABLE_CODE = YES;
				CLANG_WARN__DUPLICATE_METHOD_MATCH = YES;
				COPY_PHASE_STRIP = NO;
				DEBUG_INFORMATION_FORMAT = "dwarf-with-dsym";
				ENABLE_NS_ASSERTIONS = NO;
				ENABLE_STRICT_OBJC_MSGSEND = YES;
				GCC_C_LANGUAGE_STANDARD = gnu11;
				GCC_NO_COMMON_BLOCKS = YES;
				GCC_WARN_64_TO_32_BIT_CONVERSION = YES;
				GCC_WARN_ABOUT_RETURN_TYPE = YES_ERROR;
				GCC_WARN_UNDECLARED_SELECTOR = YES;
				GCC_WARN_UNINITIALIZED_AUTOS = YES_AGGRESSIVE;
				GCC_WARN_UNUSED_FUNCTION = YES;
				GCC_WARN_UNUSED_VARIABLE = YES;
				IPHONEOS_DEPLOYMENT_TARGET = 16.2;
				MTL_ENABLE_DEBUG_INFO = NO;
				MTL_FAST_MATH = YES;
				SDKROOT = iphoneos;
				SWIFT_COMPILATION_MODE = wholemodule;
				SWIFT_OPTIMIZATION_LEVEL = "-O";
				VALIDATE_PRODUCT = YES;
			};
			name = Release;
		};
		ABE1DB68296C9ECB006B6351 /* Debug */ = {
			isa = XCBuildConfiguration;
			buildSettings = {
				ASSETCATALOG_COMPILER_APPICON_NAME = AppIcon;
				ASSETCATALOG_COMPILER_GLOBAL_ACCENT_COLOR_NAME = AccentColor;
				CODE_SIGN_STYLE = Automatic;
				CURRENT_PROJECT_VERSION = 1;
				DEVELOPMENT_ASSET_PATHS = "\"Weather/Preview Content\"";
				ENABLE_PREVIEWS = YES;
				GENERATE_INFOPLIST_FILE = YES;
				INFOPLIST_KEY_UIApplicationSceneManifest_Generation = YES;
				INFOPLIST_KEY_UIApplicationSupportsIndirectInputEvents = YES;
				INFOPLIST_KEY_UILaunchScreen_Generation = YES;
				INFOPLIST_KEY_UISupportedInterfaceOrientations_iPad = "UIInterfaceOrientationPortrait UIInterfaceOrientationPortraitUpsideDown UIInterfaceOrientationLandscapeLeft UIInterfaceOrientationLandscapeRight";
				INFOPLIST_KEY_UISupportedInterfaceOrientations_iPhone = "UIInterfaceOrientationPortrait UIInterfaceOrientationLandscapeLeft UIInterfaceOrientationLandscapeRight";
				LD_RUNPATH_SEARCH_PATHS = (
					"$(inherited)",
					"@executable_path/Frameworks",
				);
				MARKETING_VERSION = 1.0;
				PRODUCT_BUNDLE_IDENTIFIER = io.github.jonathanhds.Weather;
				PRODUCT_NAME = "$(TARGET_NAME)";
				SWIFT_EMIT_LOC_STRINGS = YES;
				SWIFT_VERSION = 5.0;
				TARGETED_DEVICE_FAMILY = "1,2";
			};
			name = Debug;
		};
		ABE1DB69296C9ECB006B6351 /* Release */ = {
			isa = XCBuildConfiguration;
			buildSettings = {
				ASSETCATALOG_COMPILER_APPICON_NAME = AppIcon;
				ASSETCATALOG_COMPILER_GLOBAL_ACCENT_COLOR_NAME = AccentColor;
				CODE_SIGN_STYLE = Automatic;
				CURRENT_PROJECT_VERSION = 1;
				DEVELOPMENT_ASSET_PATHS = "\"Weather/Preview Content\"";
				ENABLE_PREVIEWS = YES;
				GENERATE_INFOPLIST_FILE = YES;
				INFOPLIST_KEY_UIApplicationSceneManifest_Generation = YES;
				INFOPLIST_KEY_UIApplicationSupportsIndirectInputEvents = YES;
				INFOPLIST_KEY_UILaunchScreen_Generation = YES;
				INFOPLIST_KEY_UISupportedInterfaceOrientations_iPad = "UIInterfaceOrientationPortrait UIInterfaceOrientationPortraitUpsideDown UIInterfaceOrientationLandscapeLeft UIInterfaceOrientationLandscapeRight";
				INFOPLIST_KEY_UISupportedInterfaceOrientations_iPhone = "UIInterfaceOrientationPortrait UIInterfaceOrientationLandscapeLeft UIInterfaceOrientationLandscapeRight";
				LD_RUNPATH_SEARCH_PATHS = (
					"$(inherited)",
					"@executable_path/Frameworks",
				);
				MARKETING_VERSION = 1.0;
				PRODUCT_BUNDLE_IDENTIFIER = io.github.jonathanhds.Weather;
				PRODUCT_NAME = "$(TARGET_NAME)";
				SWIFT_EMIT_LOC_STRINGS = YES;
				SWIFT_VERSION = 5.0;
				TARGETED_DEVICE_FAMILY = "1,2";
			};
			name = Release;
		};
		ABE1DB6B296C9ECB006B6351 /* Debug */ = {
			isa = XCBuildConfiguration;
			buildSettings = {
				ALWAYS_EMBED_SWIFT_STANDARD_LIBRARIES = YES;
				BUNDLE_LOADER = "$(TEST_HOST)";
				CODE_SIGN_STYLE = Automatic;
				CURRENT_PROJECT_VERSION = 1;
				GENERATE_INFOPLIST_FILE = YES;
				IPHONEOS_DEPLOYMENT_TARGET = 16.2;
				MARKETING_VERSION = 1.0;
				PRODUCT_BUNDLE_IDENTIFIER = io.github.jonathanhds.WeatherTests;
				PRODUCT_NAME = "$(TARGET_NAME)";
				SWIFT_EMIT_LOC_STRINGS = NO;
				SWIFT_VERSION = 5.0;
				TARGETED_DEVICE_FAMILY = "1,2";
				TEST_HOST = "$(BUILT_PRODUCTS_DIR)/Weather.app/$(BUNDLE_EXECUTABLE_FOLDER_PATH)/Weather";
			};
			name = Debug;
		};
		ABE1DB6C296C9ECB006B6351 /* Release */ = {
			isa = XCBuildConfiguration;
			buildSettings = {
				ALWAYS_EMBED_SWIFT_STANDARD_LIBRARIES = YES;
				BUNDLE_LOADER = "$(TEST_HOST)";
				CODE_SIGN_STYLE = Automatic;
				CURRENT_PROJECT_VERSION = 1;
				GENERATE_INFOPLIST_FILE = YES;
				IPHONEOS_DEPLOYMENT_TARGET = 16.2;
				MARKETING_VERSION = 1.0;
				PRODUCT_BUNDLE_IDENTIFIER = io.github.jonathanhds.WeatherTests;
				PRODUCT_NAME = "$(TARGET_NAME)";
				SWIFT_EMIT_LOC_STRINGS = NO;
				SWIFT_VERSION = 5.0;
				TARGETED_DEVICE_FAMILY = "1,2";
				TEST_HOST = "$(BUILT_PRODUCTS_DIR)/Weather.app/$(BUNDLE_EXECUTABLE_FOLDER_PATH)/Weather";
			};
			name = Release;
		};
		ABE1DB6E296C9ECB006B6351 /* Debug */ = {
			isa = XCBuildConfiguration;
			buildSettings = {
				ALWAYS_EMBED_SWIFT_STANDARD_LIBRARIES = YES;
				CODE_SIGN_STYLE = Automatic;
				CURRENT_PROJECT_VERSION = 1;
				GENERATE_INFOPLIST_FILE = YES;
				MARKETING_VERSION = 1.0;
				PRODUCT_BUNDLE_IDENTIFIER = io.github.jonathanhds.WeatherUITests;
				PRODUCT_NAME = "$(TARGET_NAME)";
				SWIFT_EMIT_LOC_STRINGS = NO;
				SWIFT_VERSION = 5.0;
				TARGETED_DEVICE_FAMILY = "1,2";
				TEST_TARGET_NAME = Weather;
			};
			name = Debug;
		};
		ABE1DB6F296C9ECB006B6351 /* Release */ = {
			isa = XCBuildConfiguration;
			buildSettings = {
				ALWAYS_EMBED_SWIFT_STANDARD_LIBRARIES = YES;
				CODE_SIGN_STYLE = Automatic;
				CURRENT_PROJECT_VERSION = 1;
				GENERATE_INFOPLIST_FILE = YES;
				MARKETING_VERSION = 1.0;
				PRODUCT_BUNDLE_IDENTIFIER = io.github.jonathanhds.WeatherUITests;
				PRODUCT_NAME = "$(TARGET_NAME)";
				SWIFT_EMIT_LOC_STRINGS = NO;
				SWIFT_VERSION = 5.0;
				TARGETED_DEVICE_FAMILY = "1,2";
				TEST_TARGET_NAME = Weather;
			};
			name = Release;
		};
/* End XCBuildConfiguration section */

/* Begin XCConfigurationList section */
		ABE1DB3E296C9ECA006B6351 /* Build configuration list for PBXProject "Weather" */ = {
			isa = XCConfigurationList;
			buildConfigurations = (
				ABE1DB65296C9ECB006B6351 /* Debug */,
				ABE1DB66296C9ECB006B6351 /* Release */,
			);
			defaultConfigurationIsVisible = 0;
			defaultConfigurationName = Release;
		};
		ABE1DB67296C9ECB006B6351 /* Build configuration list for PBXNativeTarget "Weather" */ = {
			isa = XCConfigurationList;
			buildConfigurations = (
				ABE1DB68296C9ECB006B6351 /* Debug */,
				ABE1DB69296C9ECB006B6351 /* Release */,
			);
			defaultConfigurationIsVisible = 0;
			defaultConfigurationName = Release;
		};
		ABE1DB6A296C9ECB006B6351 /* Build configuration list for PBXNativeTarget "WeatherTests" */ = {
			isa = XCConfigurationList;
			buildConfigurations = (
				ABE1DB6B296C9ECB006B6351 /* Debug */,
				ABE1DB6C296C9ECB006B6351 /* Release */,
			);
			defaultConfigurationIsVisible = 0;
			defaultConfigurationName = Release;
		};
		ABE1DB6D296C9ECB006B6351 /* Build configuration list for PBXNativeTarget "WeatherUITests" */ = {
			isa = XCConfigurationList;
			buildConfigurations = (
				ABE1DB6E296C9ECB006B6351 /* Debug */,
				ABE1DB6F296C9ECB006B6351 /* Release */,
			);
			defaultConfigurationIsVisible = 0;
			defaultConfigurationName = Release;
		};
/* End XCConfigurationList section */
	};
	rootObject = ABE1DB3B296C9ECA006B6351 /* Project object */;
}
